
Microsoft Visual Studio Solution File, Format Version 12.00
# Visual Studio Version 16
VisualStudioVersion = 16.0.30011.22
MinimumVisualStudioVersion = 10.0.40219.1
Project("{FAE04EC0-301F-11D3-BF4B-00C04F79EFBC}") = "16-WhileDoWhile", "14-WhileDoWhile\16-WhileDoWhile.csproj", "{855362B9-8B3C-41EA-B8A2-02A9E282655E}"
EndProject
Global
	GlobalSection(SolutionConfigurationPlatforms) = preSolution
		Debug|Any CPU = Debug|Any CPU
		Release|Any CPU = Release|Any CPU
	EndGlobalSection
	GlobalSection(ProjectConfigurationPlatforms) = postSolution
		{855362B9-8B3C-41EA-B8A2-02A9E282655E}.Debug|Any CPU.ActiveCfg = Debug|Any CPU
		{855362B9-8B3C-41EA-B8A2-02A9E282655E}.Debug|Any CPU.Build.0 = Debug|Any CPU
		{855362B9-8B3C-41EA-B8A2-02A9E282655E}.Release|Any CPU.ActiveCfg = Release|Any CPU
		{855362B9-8B3C-41EA-B8A2-02A9E282655E}.Release|Any CPU.Build.0 = Release|Any CPU
	EndGlobalSection
	GlobalSection(SolutionProperties) = preSolution
		HideSolutionNode = FALSE
	EndGlobalSection
	GlobalSection(ExtensibilityGlobals) = postSolution
		SolutionGuid = {E354F602-E9DF-43B0-8445-298DC646B287}
	EndGlobalSection
EndGlobal
